PODS:
  - Differentiator (4.0.1)
  - FontAwesome.swift (1.9.0)
  - RxCocoa (5.1.1):
    - RxRelay (~> 5)
    - RxSwift (~> 5)
  - RxDataSources (4.0.1):
    - Differentiator (~> 4.0)
    - RxCocoa (~> 5.0)
    - RxSwift (~> 5.0)
  - RxRelay (5.1.1):
    - RxSwift (~> 5)
  - RxSwift (5.1.1)
  - SwiftCSV (0.5.5)

DEPENDENCIES:
  - FontAwesome.swift
  - RxCocoa (~> 5)
  - RxDataSources
  - RxSwift (~> 5)
  - SwiftCSV (~> 0.5)

SPEC REPOS:
  trunk:
    - Differentiator
    - FontAwesome.swift
    - RxCocoa
    - RxDataSources
    - RxRelay
    - RxSwift
    - SwiftCSV

SPEC CHECKSUMS:
  Differentiator: 886080237d9f87f322641dedbc5be257061b0602
  FontAwesome.swift: a403b88cec950511745ba8f2decd1b6a07346d13
  RxCocoa: 32065309a38d29b5b0db858819b5bf9ef038b601
  RxDataSources: efee07fa4de48477eca0a4611e6d11e2da9c1114
  RxRelay: d77f7d771495f43c556cbc43eebd1bb54d01e8e9
  RxSwift: 81470a2074fa8780320ea5fe4102807cb7118178
  SwiftCSV: 13e494244a4a65c3ff71002444491026de625643

PODFILE CHECKSUM: 60c0c520f90ac03e5b0c6e35637e9ca44cbe4cd7

COCOAPODS: 1.9.1
