// !$*UTF8*$!
{
	archiveVersion = 1;
	classes = {
	};
	objectVersion = 51;
	objects = {

/* Begin PBXBuildFile section */
		35601319243A3AE900920CAB /* AdviceViewController.swift in Sources */ = {isa = PBXBuildFile; fileRef = 35601318243A3AE900920CAB /* AdviceViewController.swift */; };
		7712C1922358F79C003B2408 /* VideoViewController.swift in Sources */ = {isa = PBXBuildFile; fileRef = 7712C1912358F79C003B2408 /* VideoViewController.swift */; };
		7712C1942358F8C9003B2408 /* WebKit.framework in Frameworks */ = {isa = PBXBuildFile; fileRef = 7712C1932358F8C9003B2408 /* WebKit.framework */; };
		779CC9AE23E8C5B000091773 /* AuthorsViewController.swift in Sources */ = {isa = PBXBuildFile; fileRef = 779CC9AD23E8C5B000091773 /* AuthorsViewController.swift */; };
		D202E03D225DF0E500F6CE57 /* Shape.swift in Sources */ = {isa = PBXBuildFile; fileRef = D202E03C225DF0E500F6CE57 /* Shape.swift */; };
		D202E040225E002300F6CE57 /* ImageWithTitleCell.swift in Sources */ = {isa = PBXBuildFile; fileRef = D202E03F225E002300F6CE57 /* ImageWithTitleCell.swift */; };
		D202E042225E070200F6CE57 /* Location.swift in Sources */ = {isa = PBXBuildFile; fileRef = D202E041225E070200F6CE57 /* Location.swift */; };
		D202E044225E080D00F6CE57 /* FeatherColor.swift in Sources */ = {isa = PBXBuildFile; fileRef = D202E043225E080D00F6CE57 /* FeatherColor.swift */; };
		D202E04A225E1DF600F6CE57 /* OpenSans-Regular.ttf in Resources */ = {isa = PBXBuildFile; fileRef = D202E047225E1DF500F6CE57 /* OpenSans-Regular.ttf */; };
		D202E04B225E1DF600F6CE57 /* OpenSans-SemiBold.ttf in Resources */ = {isa = PBXBuildFile; fileRef = D202E048225E1DF600F6CE57 /* OpenSans-SemiBold.ttf */; };
		D202E04C225E1DF600F6CE57 /* OpenSans-Bold.ttf in Resources */ = {isa = PBXBuildFile; fileRef = D202E049225E1DF600F6CE57 /* OpenSans-Bold.ttf */; };
		D205DBC022DB3BDF00D46079 /* List.storyboard in Resources */ = {isa = PBXBuildFile; fileRef = D205DBBF22DB3BDF00D46079 /* List.storyboard */; };
		D205DBC222DB3BEE00D46079 /* ListViewController.swift in Sources */ = {isa = PBXBuildFile; fileRef = D205DBC122DB3BEE00D46079 /* ListViewController.swift */; };
		D205DBC422DB3C5700D46079 /* ListViewModel.swift in Sources */ = {isa = PBXBuildFile; fileRef = D205DBC322DB3C5700D46079 /* ListViewModel.swift */; };
		D205DBCB22DB4B2B00D46079 /* Item.swift in Sources */ = {isa = PBXBuildFile; fileRef = D205DBCA22DB4B2B00D46079 /* Item.swift */; };
		D206CCE62280589500CF38E5 /* scheme.json in Resources */ = {isa = PBXBuildFile; fileRef = D206CCE52280589400CF38E5 /* scheme.json */; };
		D206CCE82280870500CF38E5 /* Bird.swift in Sources */ = {isa = PBXBuildFile; fileRef = D206CCE72280870500CF38E5 /* Bird.swift */; };
		D20E7D0222EF3E6E00439068 /* AboutAppViewController.swift in Sources */ = {isa = PBXBuildFile; fileRef = D20E7D0122EF3E6E00439068 /* AboutAppViewController.swift */; };
		D20E7D0422EF3E9F00439068 /* AboutUsViewController.swift in Sources */ = {isa = PBXBuildFile; fileRef = D20E7D0322EF3E9F00439068 /* AboutUsViewController.swift */; };
		D20E7D0822EF54A000439068 /* fa-brands-400.ttf in Resources */ = {isa = PBXBuildFile; fileRef = D20E7D0522EF549F00439068 /* fa-brands-400.ttf */; };
		D20E7D0922EF54A000439068 /* fa-regular-400.ttf in Resources */ = {isa = PBXBuildFile; fileRef = D20E7D0622EF549F00439068 /* fa-regular-400.ttf */; };
		D20E7D0A22EF54A000439068 /* fa-solid-900.ttf in Resources */ = {isa = PBXBuildFile; fileRef = D20E7D0722EF54A000439068 /* fa-solid-900.ttf */; };
		D27A2FBF22E212CC008E7E3F /* OpenSans-RegularItalic.ttf in Resources */ = {isa = PBXBuildFile; fileRef = D27A2FBE22E212C6008E7E3F /* OpenSans-RegularItalic.ttf */; };
		D29B9F9F22EA091A00076EEA /* About.storyboard in Resources */ = {isa = PBXBuildFile; fileRef = D29B9F9E22EA091A00076EEA /* About.storyboard */; };
		D29B9FA122EA093700076EEA /* AboutViewController.swift in Sources */ = {isa = PBXBuildFile; fileRef = D29B9FA022EA093700076EEA /* AboutViewController.swift */; };
		D2A296E622DCD35100F17B2D /* Details.storyboard in Resources */ = {isa = PBXBuildFile; fileRef = D2A296E522DCD35100F17B2D /* Details.storyboard */; };
		D2A296EA22DCD3DE00F17B2D /* DetailsViewController.swift in Sources */ = {isa = PBXBuildFile; fileRef = D2A296E922DCD3DE00F17B2D /* DetailsViewController.swift */; };
		D2A296EC22DCDA0100F17B2D /* DetailsViewModel.swift in Sources */ = {isa = PBXBuildFile; fileRef = D2A296EB22DCDA0100F17B2D /* DetailsViewModel.swift */; };
		D2A833C522DF5B6300F33C53 /* ImageCell.swift in Sources */ = {isa = PBXBuildFile; fileRef = D2A833C422DF5B6300F33C53 /* ImageCell.swift */; };
		D2B2CA502268DA1C00DED1E2 /* ItemGradientLayer.swift in Sources */ = {isa = PBXBuildFile; fileRef = D2B2CA4F2268DA1C00DED1E2 /* ItemGradientLayer.swift */; };
		D2E985B4225DDE7400C7994C /* AppDelegate.swift in Sources */ = {isa = PBXBuildFile; fileRef = D2E985B3225DDE7400C7994C /* AppDelegate.swift */; };
		D2E985B9225DDE7400C7994C /* Home.storyboard in Resources */ = {isa = PBXBuildFile; fileRef = D2E985B7225DDE7400C7994C /* Home.storyboard */; };
		D2E985BE225DDE7600C7994C /* LaunchScreen.storyboard in Resources */ = {isa = PBXBuildFile; fileRef = D2E985BC225DDE7600C7994C /* LaunchScreen.storyboard */; };
		D2E985C9225DE8A200C7994C /* AppCoordinator.swift in Sources */ = {isa = PBXBuildFile; fileRef = D2E985C6225DE8A200C7994C /* AppCoordinator.swift */; };
		D2E985CA225DE8A200C7994C /* Storyboarded.swift in Sources */ = {isa = PBXBuildFile; fileRef = D2E985C7225DE8A200C7994C /* Storyboarded.swift */; };
		D2E985CB225DE8A200C7994C /* Coordinator.swift in Sources */ = {isa = PBXBuildFile; fileRef = D2E985C8225DE8A200C7994C /* Coordinator.swift */; };
		D2E985CF225DE92D00C7994C /* HomeViewController.swift in Sources */ = {isa = PBXBuildFile; fileRef = D2E985CE225DE92D00C7994C /* HomeViewController.swift */; };
		D2E985D1225DEA1200C7994C /* HomeViewModel.swift in Sources */ = {isa = PBXBuildFile; fileRef = D2E985D0225DEA1200C7994C /* HomeViewModel.swift */; };
		D2FD4FCD226CCFF5003F4987 /* Assets.xcassets in Resources */ = {isa = PBXBuildFile; fileRef = D2FD4FCC226CCFF5003F4987 /* Assets.xcassets */; };
		ECB25ACA9787D6E2F69AFA13 /* Pods_ptice_na_dlanu.framework in Frameworks */ = {isa = PBXBuildFile; fileRef = 756771D2E459B5E00BBE93E9 /* Pods_ptice_na_dlanu.framework */; };
/* End PBXBuildFile section */

/* Begin PBXFileReference section */
		2439F4130064B5FA5ABA73A5 /* Pods-ptice-na-dlanu.debug.xcconfig */ = {isa = PBXFileReference; includeInIndex = 1; lastKnownFileType = text.xcconfig; name = "Pods-ptice-na-dlanu.debug.xcconfig"; path = "Pods/Target Support Files/Pods-ptice-na-dlanu/Pods-ptice-na-dlanu.debug.xcconfig"; sourceTree = "<group>"; };
		35601318243A3AE900920CAB /* AdviceViewController.swift */ = {isa = PBXFileReference; lastKnownFileType = sourcecode.swift; path = AdviceViewController.swift; sourceTree = "<group>"; };
		756771D2E459B5E00BBE93E9 /* Pods_ptice_na_dlanu.framework */ = {isa = PBXFileReference; explicitFileType = wrapper.framework; includeInIndex = 0; path = Pods_ptice_na_dlanu.framework; sourceTree = BUILT_PRODUCTS_DIR; };
		7712C1912358F79C003B2408 /* VideoViewController.swift */ = {isa = PBXFileReference; lastKnownFileType = sourcecode.swift; path = VideoViewController.swift; sourceTree = "<group>"; };
		7712C1932358F8C9003B2408 /* WebKit.framework */ = {isa = PBXFileReference; lastKnownFileType = wrapper.framework; name = WebKit.framework; path = System/Library/Frameworks/WebKit.framework; sourceTree = SDKROOT; };
		779CC9AD23E8C5B000091773 /* AuthorsViewController.swift */ = {isa = PBXFileReference; lastKnownFileType = sourcecode.swift; path = AuthorsViewController.swift; sourceTree = "<group>"; };
		D202E03C225DF0E500F6CE57 /* Shape.swift */ = {isa = PBXFileReference; lastKnownFileType = sourcecode.swift; path = Shape.swift; sourceTree = "<group>"; };
		D202E03F225E002300F6CE57 /* ImageWithTitleCell.swift */ = {isa = PBXFileReference; lastKnownFileType = sourcecode.swift; path = ImageWithTitleCell.swift; sourceTree = "<group>"; };
		D202E041225E070200F6CE57 /* Location.swift */ = {isa = PBXFileReference; lastKnownFileType = sourcecode.swift; path = Location.swift; sourceTree = "<group>"; };
		D202E043225E080D00F6CE57 /* FeatherColor.swift */ = {isa = PBXFileReference; lastKnownFileType = sourcecode.swift; path = FeatherColor.swift; sourceTree = "<group>"; };
		D202E047225E1DF500F6CE57 /* OpenSans-Regular.ttf */ = {isa = PBXFileReference; lastKnownFileType = file; path = "OpenSans-Regular.ttf"; sourceTree = "<group>"; };
		D202E048225E1DF600F6CE57 /* OpenSans-SemiBold.ttf */ = {isa = PBXFileReference; lastKnownFileType = file; path = "OpenSans-SemiBold.ttf"; sourceTree = "<group>"; };
		D202E049225E1DF600F6CE57 /* OpenSans-Bold.ttf */ = {isa = PBXFileReference; lastKnownFileType = file; path = "OpenSans-Bold.ttf"; sourceTree = "<group>"; };
		D205DBBF22DB3BDF00D46079 /* List.storyboard */ = {isa = PBXFileReference; lastKnownFileType = file.storyboard; path = List.storyboard; sourceTree = "<group>"; };
		D205DBC122DB3BEE00D46079 /* ListViewController.swift */ = {isa = PBXFileReference; lastKnownFileType = sourcecode.swift; path = ListViewController.swift; sourceTree = "<group>"; };
		D205DBC322DB3C5700D46079 /* ListViewModel.swift */ = {isa = PBXFileReference; lastKnownFileType = sourcecode.swift; path = ListViewModel.swift; sourceTree = "<group>"; };
		D205DBCA22DB4B2B00D46079 /* Item.swift */ = {isa = PBXFileReference; lastKnownFileType = sourcecode.swift; path = Item.swift; sourceTree = "<group>"; };
		D206CCE52280589400CF38E5 /* scheme.json */ = {isa = PBXFileReference; fileEncoding = 4; lastKnownFileType = text.json; name = scheme.json; path = "ptice-na-dlanu/Resources/scheme.json"; sourceTree = SOURCE_ROOT; };
		D206CCE72280870500CF38E5 /* Bird.swift */ = {isa = PBXFileReference; lastKnownFileType = sourcecode.swift; path = Bird.swift; sourceTree = "<group>"; };
		D20E7D0122EF3E6E00439068 /* AboutAppViewController.swift */ = {isa = PBXFileReference; lastKnownFileType = sourcecode.swift; path = AboutAppViewController.swift; sourceTree = "<group>"; };
		D20E7D0322EF3E9F00439068 /* AboutUsViewController.swift */ = {isa = PBXFileReference; lastKnownFileType = sourcecode.swift; path = AboutUsViewController.swift; sourceTree = "<group>"; };
		D20E7D0522EF549F00439068 /* fa-brands-400.ttf */ = {isa = PBXFileReference; lastKnownFileType = file; path = "fa-brands-400.ttf"; sourceTree = "<group>"; };
		D20E7D0622EF549F00439068 /* fa-regular-400.ttf */ = {isa = PBXFileReference; lastKnownFileType = file; path = "fa-regular-400.ttf"; sourceTree = "<group>"; };
		D20E7D0722EF54A000439068 /* fa-solid-900.ttf */ = {isa = PBXFileReference; lastKnownFileType = file; path = "fa-solid-900.ttf"; sourceTree = "<group>"; };
		D27A2FBE22E212C6008E7E3F /* OpenSans-RegularItalic.ttf */ = {isa = PBXFileReference; lastKnownFileType = file; path = "OpenSans-RegularItalic.ttf"; sourceTree = "<group>"; };
		D29B9F9E22EA091A00076EEA /* About.storyboard */ = {isa = PBXFileReference; lastKnownFileType = file.storyboard; path = About.storyboard; sourceTree = "<group>"; };
		D29B9FA022EA093700076EEA /* AboutViewController.swift */ = {isa = PBXFileReference; lastKnownFileType = sourcecode.swift; path = AboutViewController.swift; sourceTree = "<group>"; };
		D2A296E522DCD35100F17B2D /* Details.storyboard */ = {isa = PBXFileReference; lastKnownFileType = file.storyboard; path = Details.storyboard; sourceTree = "<group>"; };
		D2A296E922DCD3DE00F17B2D /* DetailsViewController.swift */ = {isa = PBXFileReference; lastKnownFileType = sourcecode.swift; path = DetailsViewController.swift; sourceTree = "<group>"; };
		D2A296EB22DCDA0100F17B2D /* DetailsViewModel.swift */ = {isa = PBXFileReference; lastKnownFileType = sourcecode.swift; path = DetailsViewModel.swift; sourceTree = "<group>"; };
		D2A833C422DF5B6300F33C53 /* ImageCell.swift */ = {isa = PBXFileReference; lastKnownFileType = sourcecode.swift; path = ImageCell.swift; sourceTree = "<group>"; };
		D2B2CA4F2268DA1C00DED1E2 /* ItemGradientLayer.swift */ = {isa = PBXFileReference; lastKnownFileType = sourcecode.swift; path = ItemGradientLayer.swift; sourceTree = "<group>"; };
		D2E985B0225DDE7400C7994C /* ptice-na-dlanu.app */ = {isa = PBXFileReference; explicitFileType = wrapper.application; includeInIndex = 0; path = "ptice-na-dlanu.app"; sourceTree = BUILT_PRODUCTS_DIR; };
		D2E985B3225DDE7400C7994C /* AppDelegate.swift */ = {isa = PBXFileReference; lastKnownFileType = sourcecode.swift; path = AppDelegate.swift; sourceTree = "<group>"; };
		D2E985B8225DDE7400C7994C /* Base */ = {isa = PBXFileReference; lastKnownFileType = file.storyboard; name = Base; path = Base.lproj/Home.storyboard; sourceTree = "<group>"; };
		D2E985BD225DDE7600C7994C /* Base */ = {isa = PBXFileReference; lastKnownFileType = file.storyboard; name = Base; path = Base.lproj/LaunchScreen.storyboard; sourceTree = "<group>"; };
		D2E985BF225DDE7600C7994C /* Info.plist */ = {isa = PBXFileReference; lastKnownFileType = text.plist.xml; path = Info.plist; sourceTree = "<group>"; };
		D2E985C6225DE8A200C7994C /* AppCoordinator.swift */ = {isa = PBXFileReference; fileEncoding = 4; lastKnownFileType = sourcecode.swift; path = AppCoordinator.swift; sourceTree = "<group>"; };
		D2E985C7225DE8A200C7994C /* Storyboarded.swift */ = {isa = PBXFileReference; fileEncoding = 4; lastKnownFileType = sourcecode.swift; path = Storyboarded.swift; sourceTree = "<group>"; };
		D2E985C8225DE8A200C7994C /* Coordinator.swift */ = {isa = PBXFileReference; fileEncoding = 4; lastKnownFileType = sourcecode.swift; path = Coordinator.swift; sourceTree = "<group>"; };
		D2E985CE225DE92D00C7994C /* HomeViewController.swift */ = {isa = PBXFileReference; lastKnownFileType = sourcecode.swift; path = HomeViewController.swift; sourceTree = "<group>"; };
		D2E985D0225DEA1200C7994C /* HomeViewModel.swift */ = {isa = PBXFileReference; lastKnownFileType = sourcecode.swift; path = HomeViewModel.swift; sourceTree = "<group>"; };
		D2FD4FCC226CCFF5003F4987 /* Assets.xcassets */ = {isa = PBXFileReference; lastKnownFileType = folder.assetcatalog; path = Assets.xcassets; sourceTree = "<group>"; };
		F3B42A942C9B843C74EED144 /* Pods-ptice-na-dlanu.release.xcconfig */ = {isa = PBXFileReference; includeInIndex = 1; lastKnownFileType = text.xcconfig; name = "Pods-ptice-na-dlanu.release.xcconfig"; path = "Pods/Target Support Files/Pods-ptice-na-dlanu/Pods-ptice-na-dlanu.release.xcconfig"; sourceTree = "<group>"; };
/* End PBXFileReference section */

/* Begin PBXFrameworksBuildPhase section */
		D2E985AD225DDE7400C7994C /* Frameworks */ = {
			isa = PBXFrameworksBuildPhase;
			buildActionMask = 2147483647;
			files = (
				7712C1942358F8C9003B2408 /* WebKit.framework in Frameworks */,
				ECB25ACA9787D6E2F69AFA13 /* Pods_ptice_na_dlanu.framework in Frameworks */,
			);
			runOnlyForDeploymentPostprocessing = 0;
		};
/* End PBXFrameworksBuildPhase section */

/* Begin PBXGroup section */
		896E0940AF5771FA97E1FDE5 /* Frameworks */ = {
			isa = PBXGroup;
			children = (
				7712C1932358F8C9003B2408 /* WebKit.framework */,
				756771D2E459B5E00BBE93E9 /* Pods_ptice_na_dlanu.framework */,
			);
			name = Frameworks;
			sourceTree = "<group>";
		};
		BC955F102909348F86F7DAEB /* Pods */ = {
			isa = PBXGroup;
			children = (
				2439F4130064B5FA5ABA73A5 /* Pods-ptice-na-dlanu.debug.xcconfig */,
				F3B42A942C9B843C74EED144 /* Pods-ptice-na-dlanu.release.xcconfig */,
			);
			name = Pods;
			sourceTree = "<group>";
		};
		D202E03B225DF01200F6CE57 /* Models */ = {
			isa = PBXGroup;
			children = (
				D205DBCA22DB4B2B00D46079 /* Item.swift */,
				D202E03C225DF0E500F6CE57 /* Shape.swift */,
				D202E041225E070200F6CE57 /* Location.swift */,
				D202E043225E080D00F6CE57 /* FeatherColor.swift */,
				D206CCE72280870500CF38E5 /* Bird.swift */,
			);
			path = Models;
			sourceTree = "<group>";
		};
		D202E03E225E000B00F6CE57 /* Custom views */ = {
			isa = PBXGroup;
			children = (
				D2B2CA4F2268DA1C00DED1E2 /* ItemGradientLayer.swift */,
				D202E03F225E002300F6CE57 /* ImageWithTitleCell.swift */,
				D2A833C422DF5B6300F33C53 /* ImageCell.swift */,
			);
			path = "Custom views";
			sourceTree = "<group>";
		};
		D202E045225E1DCF00F6CE57 /* Resources */ = {
			isa = PBXGroup;
			children = (
				D206CCE52280589400CF38E5 /* scheme.json */,
				D2FD4FCC226CCFF5003F4987 /* Assets.xcassets */,
				D202E046225E1DE800F6CE57 /* Fonts */,
				D2E985BC225DDE7600C7994C /* LaunchScreen.storyboard */,
				D2E985BF225DDE7600C7994C /* Info.plist */,
			);
			path = Resources;
			sourceTree = "<group>";
		};
		D202E046225E1DE800F6CE57 /* Fonts */ = {
			isa = PBXGroup;
			children = (
				D20E7D0522EF549F00439068 /* fa-brands-400.ttf */,
				D20E7D0622EF549F00439068 /* fa-regular-400.ttf */,
				D20E7D0722EF54A000439068 /* fa-solid-900.ttf */,
				D27A2FBE22E212C6008E7E3F /* OpenSans-RegularItalic.ttf */,
				D202E049225E1DF600F6CE57 /* OpenSans-Bold.ttf */,
				D202E047225E1DF500F6CE57 /* OpenSans-Regular.ttf */,
				D202E048225E1DF600F6CE57 /* OpenSans-SemiBold.ttf */,
			);
			path = Fonts;
			sourceTree = "<group>";
		};
		D205DBBE22DB3BBD00D46079 /* List */ = {
			isa = PBXGroup;
			children = (
				D205DBBF22DB3BDF00D46079 /* List.storyboard */,
				D205DBC122DB3BEE00D46079 /* ListViewController.swift */,
				D205DBC322DB3C5700D46079 /* ListViewModel.swift */,
			);
			path = List;
			sourceTree = "<group>";
		};
		D29B9F9D22EA08F000076EEA /* More */ = {
			isa = PBXGroup;
			children = (
				D29B9F9E22EA091A00076EEA /* About.storyboard */,
				D29B9FA022EA093700076EEA /* AboutViewController.swift */,
				D20E7D0122EF3E6E00439068 /* AboutAppViewController.swift */,
				D20E7D0322EF3E9F00439068 /* AboutUsViewController.swift */,
				779CC9AD23E8C5B000091773 /* AuthorsViewController.swift */,
				35601318243A3AE900920CAB /* AdviceViewController.swift */,
			);
			path = More;
			sourceTree = "<group>";
		};
		D2A296E422DCD2BC00F17B2D /* Details */ = {
			isa = PBXGroup;
			children = (
				D2A296E522DCD35100F17B2D /* Details.storyboard */,
				D2A296E922DCD3DE00F17B2D /* DetailsViewController.swift */,
				D2A296EB22DCDA0100F17B2D /* DetailsViewModel.swift */,
				7712C1912358F79C003B2408 /* VideoViewController.swift */,
			);
			path = Details;
			sourceTree = "<group>";
		};
		D2E985A7225DDE7400C7994C = {
			isa = PBXGroup;
			children = (
				D2E985B2225DDE7400C7994C /* ptice-na-dlanu */,
				D2E985B1225DDE7400C7994C /* Products */,
				BC955F102909348F86F7DAEB /* Pods */,
				896E0940AF5771FA97E1FDE5 /* Frameworks */,
			);
			sourceTree = "<group>";
		};
		D2E985B1225DDE7400C7994C /* Products */ = {
			isa = PBXGroup;
			children = (
				D2E985B0225DDE7400C7994C /* ptice-na-dlanu.app */,
			);
			name = Products;
			sourceTree = "<group>";
		};
		D2E985B2225DDE7400C7994C /* ptice-na-dlanu */ = {
			isa = PBXGroup;
			children = (
				D2E985B3225DDE7400C7994C /* AppDelegate.swift */,
				D2E985C5225DE8A200C7994C /* Coordinators */,
				D2E985CC225DE8E700C7994C /* UI */,
				D202E03B225DF01200F6CE57 /* Models */,
				D2E985D2225DEA5300C7994C /* Supporting files */,
				D202E045225E1DCF00F6CE57 /* Resources */,
			);
			path = "ptice-na-dlanu";
			sourceTree = "<group>";
		};
		D2E985C5225DE8A200C7994C /* Coordinators */ = {
			isa = PBXGroup;
			children = (
				D2E985C6225DE8A200C7994C /* AppCoordinator.swift */,
			);
			path = Coordinators;
			sourceTree = "<group>";
		};
		D2E985CC225DE8E700C7994C /* UI */ = {
			isa = PBXGroup;
			children = (
				D202E03E225E000B00F6CE57 /* Custom views */,
				D2E985CD225DE8EF00C7994C /* Home */,
				D205DBBE22DB3BBD00D46079 /* List */,
				D2A296E422DCD2BC00F17B2D /* Details */,
				D29B9F9D22EA08F000076EEA /* More */,
			);
			path = UI;
			sourceTree = "<group>";
		};
		D2E985CD225DE8EF00C7994C /* Home */ = {
			isa = PBXGroup;
			children = (
				D2E985B7225DDE7400C7994C /* Home.storyboard */,
				D2E985CE225DE92D00C7994C /* HomeViewController.swift */,
				D2E985D0225DEA1200C7994C /* HomeViewModel.swift */,
			);
			path = Home;
			sourceTree = "<group>";
		};
		D2E985D2225DEA5300C7994C /* Supporting files */ = {
			isa = PBXGroup;
			children = (
				D2E985C7225DE8A200C7994C /* Storyboarded.swift */,
				D2E985C8225DE8A200C7994C /* Coordinator.swift */,
			);
			path = "Supporting files";
			sourceTree = "<group>";
		};
/* End PBXGroup section */

/* Begin PBXNativeTarget section */
		D2E985AF225DDE7400C7994C /* ptice-na-dlanu */ = {
			isa = PBXNativeTarget;
			buildConfigurationList = D2E985C2225DDE7600C7994C /* Build configuration list for PBXNativeTarget "ptice-na-dlanu" */;
			buildPhases = (
				99334461F453E4BE8D48EA13 /* [CP] Check Pods Manifest.lock */,
				D2E985AC225DDE7400C7994C /* Sources */,
				D2E985AD225DDE7400C7994C /* Frameworks */,
				D2E985AE225DDE7400C7994C /* Resources */,
				5DC72533ED6BF29465D3D9CC /* [CP] Embed Pods Frameworks */,
			);
			buildRules = (
			);
			dependencies = (
			);
			name = "ptice-na-dlanu";
			productName = "ptice-na-dlanu";
			productReference = D2E985B0225DDE7400C7994C /* ptice-na-dlanu.app */;
			productType = "com.apple.product-type.application";
		};
/* End PBXNativeTarget section */

/* Begin PBXProject section */
		D2E985A8225DDE7400C7994C /* Project object */ = {
			isa = PBXProject;
			attributes = {
				LastSwiftUpdateCheck = 1020;
				LastUpgradeCheck = 1020;
				ORGANIZATIONNAME = "Nikola Milic";
				TargetAttributes = {
					D2E985AF225DDE7400C7994C = {
						CreatedOnToolsVersion = 10.2;
					};
				};
			};
			buildConfigurationList = D2E985AB225DDE7400C7994C /* Build configuration list for PBXProject "ptice-na-dlanu" */;
			compatibilityVersion = "Xcode 9.3";
			developmentRegion = en;
			hasScannedForEncodings = 0;
			knownRegions = (
				en,
				Base,
			);
			mainGroup = D2E985A7225DDE7400C7994C;
			productRefGroup = D2E985B1225DDE7400C7994C /* Products */;
			projectDirPath = "";
			projectRoot = "";
			targets = (
				D2E985AF225DDE7400C7994C /* ptice-na-dlanu */,
			);
		};
/* End PBXProject section */

/* Begin PBXResourcesBuildPhase section */
		D2E985AE225DDE7400C7994C /* Resources */ = {
			isa = PBXResourcesBuildPhase;
			buildActionMask = 2147483647;
			files = (
				D2E985BE225DDE7600C7994C /* LaunchScreen.storyboard in Resources */,
				D202E04C225E1DF600F6CE57 /* OpenSans-Bold.ttf in Resources */,
				D205DBC022DB3BDF00D46079 /* List.storyboard in Resources */,
				D202E04B225E1DF600F6CE57 /* OpenSans-SemiBold.ttf in Resources */,
				D20E7D0822EF54A000439068 /* fa-brands-400.ttf in Resources */,
				D202E04A225E1DF600F6CE57 /* OpenSans-Regular.ttf in Resources */,
				D206CCE62280589500CF38E5 /* scheme.json in Resources */,
				D27A2FBF22E212CC008E7E3F /* OpenSans-RegularItalic.ttf in Resources */,
				D20E7D0922EF54A000439068 /* fa-regular-400.ttf in Resources */,
				D2FD4FCD226CCFF5003F4987 /* Assets.xcassets in Resources */,
				D2A296E622DCD35100F17B2D /* Details.storyboard in Resources */,
				D29B9F9F22EA091A00076EEA /* About.storyboard in Resources */,
				D2E985B9225DDE7400C7994C /* Home.storyboard in Resources */,
				D20E7D0A22EF54A000439068 /* fa-solid-900.ttf in Resources */,
			);
			runOnlyForDeploymentPostprocessing = 0;
		};
/* End PBXResourcesBuildPhase section */

/* Begin PBXShellScriptBuildPhase section */
		5DC72533ED6BF29465D3D9CC /* [CP] Embed Pods Frameworks */ = {
			isa = PBXShellScriptBuildPhase;
			buildActionMask = 2147483647;
			files = (
			);
			inputFileListPaths = (
				"${PODS_ROOT}/Target Support Files/Pods-ptice-na-dlanu/Pods-ptice-na-dlanu-frameworks-${CONFIGURATION}-input-files.xcfilelist",
			);
			name = "[CP] Embed Pods Frameworks";
			outputFileListPaths = (
				"${PODS_ROOT}/Target Support Files/Pods-ptice-na-dlanu/Pods-ptice-na-dlanu-frameworks-${CONFIGURATION}-output-files.xcfilelist",
			);
			runOnlyForDeploymentPostprocessing = 0;
			shellPath = /bin/sh;
			shellScript = "\"${PODS_ROOT}/Target Support Files/Pods-ptice-na-dlanu/Pods-ptice-na-dlanu-frameworks.sh\"\n";
			showEnvVarsInLog = 0;
		};
		99334461F453E4BE8D48EA13 /* [CP] Check Pods Manifest.lock */ = {
			isa = PBXShellScriptBuildPhase;
			buildActionMask = 2147483647;
			files = (
			);
			inputFileListPaths = (
			);
			inputPaths = (
				"${PODS_PODFILE_DIR_PATH}/Podfile.lock",
				"${PODS_ROOT}/Manifest.lock",
			);
			name = "[CP] Check Pods Manifest.lock";
			outputFileListPaths = (
			);
			outputPaths = (
				"$(DERIVED_FILE_DIR)/Pods-ptice-na-dlanu-checkManifestLockResult.txt",
			);
			runOnlyForDeploymentPostprocessing = 0;
			shellPath = /bin/sh;
			shellScript = "diff \"${PODS_PODFILE_DIR_PATH}/Podfile.lock\" \"${PODS_ROOT}/Manifest.lock\" > /dev/null\nif [ $? != 0 ] ; then\n    # print error to STDERR\n    echo \"error: The sandbox is not in sync with the Podfile.lock. Run 'pod install' or update your CocoaPods installation.\" >&2\n    exit 1\nfi\n# This output is used by Xcode 'outputs' to avoid re-running this script phase.\necho \"SUCCESS\" > \"${SCRIPT_OUTPUT_FILE_0}\"\n";
			showEnvVarsInLog = 0;
		};
/* End PBXShellScriptBuildPhase section */

/* Begin PBXSourcesBuildPhase section */
		D2E985AC225DDE7400C7994C /* Sources */ = {
			isa = PBXSourcesBuildPhase;
			buildActionMask = 2147483647;
			files = (
				D202E03D225DF0E500F6CE57 /* Shape.swift in Sources */,
				D202E042225E070200F6CE57 /* Location.swift in Sources */,
				D2E985CF225DE92D00C7994C /* HomeViewController.swift in Sources */,
				D2A833C522DF5B6300F33C53 /* ImageCell.swift in Sources */,
				D2B2CA502268DA1C00DED1E2 /* ItemGradientLayer.swift in Sources */,
				D205DBCB22DB4B2B00D46079 /* Item.swift in Sources */,
				7712C1922358F79C003B2408 /* VideoViewController.swift in Sources */,
				779CC9AE23E8C5B000091773 /* AuthorsViewController.swift in Sources */,
				D206CCE82280870500CF38E5 /* Bird.swift in Sources */,
				D205DBC422DB3C5700D46079 /* ListViewModel.swift in Sources */,
				D202E040225E002300F6CE57 /* ImageWithTitleCell.swift in Sources */,
				D29B9FA122EA093700076EEA /* AboutViewController.swift in Sources */,
				D205DBC222DB3BEE00D46079 /* ListViewController.swift in Sources */,
				D2A296EA22DCD3DE00F17B2D /* DetailsViewController.swift in Sources */,
				D2E985D1225DEA1200C7994C /* HomeViewModel.swift in Sources */,
				D2E985CB225DE8A200C7994C /* Coordinator.swift in Sources */,
				35601319243A3AE900920CAB /* AdviceViewController.swift in Sources */,
				D20E7D0222EF3E6E00439068 /* AboutAppViewController.swift in Sources */,
				D2E985C9225DE8A200C7994C /* AppCoordinator.swift in Sources */,
				D2E985B4225DDE7400C7994C /* AppDelegate.swift in Sources */,
				D2E985CA225DE8A200C7994C /* Storyboarded.swift in Sources */,
				D202E044225E080D00F6CE57 /* FeatherColor.swift in Sources */,
				D20E7D0422EF3E9F00439068 /* AboutUsViewController.swift in Sources */,
				D2A296EC22DCDA0100F17B2D /* DetailsViewModel.swift in Sources */,
			);
			runOnlyForDeploymentPostprocessing = 0;
		};
/* End PBXSourcesBuildPhase section */

/* Begin PBXVariantGroup section */
		D2E985B7225DDE7400C7994C /* Home.storyboard */ = {
			isa = PBXVariantGroup;
			children = (
				D2E985B8225DDE7400C7994C /* Base */,
			);
			name = Home.storyboard;
			sourceTree = "<group>";
		};
		D2E985BC225DDE7600C7994C /* LaunchScreen.storyboard */ = {
			isa = PBXVariantGroup;
			children = (
				D2E985BD225DDE7600C7994C /* Base */,
			);
			name = LaunchScreen.storyboard;
			sourceTree = "<group>";
		};
/* End PBXVariantGroup section */

/* Begin XCBuildConfiguration section */
		D2E985C0225DDE7600C7994C /* Debug */ = {
			isa = XCBuildConfiguration;
			buildSettings = {
				ALWAYS_SEARCH_USER_PATHS = NO;
				CLANG_ANALYZER_NONNULL = YES;
				CLANG_ANALYZER_NUMBER_OBJECT_CONVERSION = YES_AGGRESSIVE;
				CLANG_CXX_LANGUAGE_STANDARD = "gnu++14";
				CLANG_CXX_LIBRARY = "libc++";
				CLANG_ENABLE_MODULES = YES;
				CLANG_ENABLE_OBJC_ARC = YES;
				CLANG_ENABLE_OBJC_WEAK = YES;
				CLANG_WARN_BLOCK_CAPTURE_AUTORELEASING = YES;
				CLANG_WARN_BOOL_CONVERSION = YES;
				CLANG_WARN_COMMA = YES;
				CLANG_WARN_CONSTANT_CONVERSION = YES;
				CLANG_WARN_DEPRECATED_OBJC_IMPLEMENTATIONS = YES;
				CLANG_WARN_DIRECT_OBJC_ISA_USAGE = YES_ERROR;
				CLANG_WARN_DOCUMENTATION_COMMENTS = YES;
				CLANG_WARN_EMPTY_BODY = YES;
				CLANG_WARN_ENUM_CONVERSION = YES;
				CLANG_WARN_INFINITE_RECURSION = YES;
				CLANG_WARN_INT_CONVERSION = YES;
				CLANG_WARN_NON_LITERAL_NULL_CONVERSION = YES;
				CLANG_WARN_OBJC_IMPLICIT_RETAIN_SELF = YES;
				CLANG_WARN_OBJC_LITERAL_CONVERSION = YES;
				CLANG_WARN_OBJC_ROOT_CLASS = YES_ERROR;
				CLANG_WARN_RANGE_LOOP_ANALYSIS = YES;
				CLANG_WARN_STRICT_PROTOTYPES = YES;
				CLANG_WARN_SUSPICIOUS_MOVE = YES;
				CLANG_WARN_UNGUARDED_AVAILABILITY = YES_AGGRESSIVE;
				CLANG_WARN_UNREACHABLE_CODE = YES;
				CLANG_WARN__DUPLICATE_METHOD_MATCH = YES;
				CODE_SIGN_IDENTITY = "iPhone Developer";
				COPY_PHASE_STRIP = NO;
				DEBUG_INFORMATION_FORMAT = dwarf;
				ENABLE_STRICT_OBJC_MSGSEND = YES;
				ENABLE_TESTABILITY = YES;
				GCC_C_LANGUAGE_STANDARD = gnu11;
				GCC_DYNAMIC_NO_PIC = NO;
				GCC_NO_COMMON_BLOCKS = YES;
				GCC_OPTIMIZATION_LEVEL = 0;
				GCC_PREPROCESSOR_DEFINITIONS = (
					"DEBUG=1",
					"$(inherited)",
				);
				GCC_WARN_64_TO_32_BIT_CONVERSION = YES;
				GCC_WARN_ABOUT_RETURN_TYPE = YES_ERROR;
				GCC_WARN_UNDECLARED_SELECTOR = YES;
				GCC_WARN_UNINITIALIZED_AUTOS = YES_AGGRESSIVE;
				GCC_WARN_UNUSED_FUNCTION = YES;
				GCC_WARN_UNUSED_VARIABLE = YES;
				IPHONEOS_DEPLOYMENT_TARGET = 12.2;
				MTL_ENABLE_DEBUG_INFO = INCLUDE_SOURCE;
				MTL_FAST_MATH = YES;
				ONLY_ACTIVE_ARCH = YES;
				SDKROOT = iphoneos;
				SWIFT_ACTIVE_COMPILATION_CONDITIONS = DEBUG;
				SWIFT_OPTIMIZATION_LEVEL = "-Onone";
			};
			name = Debug;
		};
		D2E985C1225DDE7600C7994C /* Release */ = {
			isa = XCBuildConfiguration;
			buildSettings = {
				ALWAYS_SEARCH_USER_PATHS = NO;
				CLANG_ANALYZER_NONNULL = YES;
				CLANG_ANALYZER_NUMBER_OBJECT_CONVERSION = YES_AGGRESSIVE;
				CLANG_CXX_LANGUAGE_STANDARD = "gnu++14";
				CLANG_CXX_LIBRARY = "libc++";
				CLANG_ENABLE_MODULES = YES;
				CLANG_ENABLE_OBJC_ARC = YES;
				CLANG_ENABLE_OBJC_WEAK = YES;
				CLANG_WARN_BLOCK_CAPTURE_AUTORELEASING = YES;
				CLANG_WARN_BOOL_CONVERSION = YES;
				CLANG_WARN_COMMA = YES;
				CLANG_WARN_CONSTANT_CONVERSION = YES;
				CLANG_WARN_DEPRECATED_OBJC_IMPLEMENTATIONS = YES;
				CLANG_WARN_DIRECT_OBJC_ISA_USAGE = YES_ERROR;
				CLANG_WARN_DOCUMENTATION_COMMENTS = YES;
				CLANG_WARN_EMPTY_BODY = YES;
				CLANG_WARN_ENUM_CONVERSION = YES;
				CLANG_WARN_INFINITE_RECURSION = YES;
				CLANG_WARN_INT_CONVERSION = YES;
				CLANG_WARN_NON_LITERAL_NULL_CONVERSION = YES;
				CLANG_WARN_OBJC_IMPLICIT_RETAIN_SELF = YES;
				CLANG_WARN_OBJC_LITERAL_CONVERSION = YES;
				CLANG_WARN_OBJC_ROOT_CLASS = YES_ERROR;
				CLANG_WARN_RANGE_LOOP_ANALYSIS = YES;
				CLANG_WARN_STRICT_PROTOTYPES = YES;
				CLANG_WARN_SUSPICIOUS_MOVE = YES;
				CLANG_WARN_UNGUARDED_AVAILABILITY = YES_AGGRESSIVE;
				CLANG_WARN_UNREACHABLE_CODE = YES;
				CLANG_WARN__DUPLICATE_METHOD_MATCH = YES;
				CODE_SIGN_IDENTITY = "iPhone Developer";
				COPY_PHASE_STRIP = NO;
				DEBUG_INFORMATION_FORMAT = "dwarf-with-dsym";
				ENABLE_NS_ASSERTIONS = NO;
				ENABLE_STRICT_OBJC_MSGSEND = YES;
				GCC_C_LANGUAGE_STANDARD = gnu11;
				GCC_NO_COMMON_BLOCKS = YES;
				GCC_WARN_64_TO_32_BIT_CONVERSION = YES;
				GCC_WARN_ABOUT_RETURN_TYPE = YES_ERROR;
				GCC_WARN_UNDECLARED_SELECTOR = YES;
				GCC_WARN_UNINITIALIZED_AUTOS = YES_AGGRESSIVE;
				GCC_WARN_UNUSED_FUNCTION = YES;
				GCC_WARN_UNUSED_VARIABLE = YES;
				IPHONEOS_DEPLOYMENT_TARGET = 12.2;
				MTL_ENABLE_DEBUG_INFO = NO;
				MTL_FAST_MATH = YES;
				SDKROOT = iphoneos;
				SWIFT_COMPILATION_MODE = wholemodule;
				SWIFT_OPTIMIZATION_LEVEL = "-O";
				VALIDATE_PRODUCT = YES;
			};
			name = Release;
		};
		D2E985C3225DDE7600C7994C /* Debug */ = {
			isa = XCBuildConfiguration;
			baseConfigurationReference = 2439F4130064B5FA5ABA73A5 /* Pods-ptice-na-dlanu.debug.xcconfig */;
			buildSettings = {
				ASSETCATALOG_COMPILER_APPICON_NAME = AppIcon;
				CODE_SIGN_STYLE = Automatic;
				CURRENT_PROJECT_VERSION = 1;
				DEVELOPMENT_TEAM = NLHXMY5PBX;
				INFOPLIST_FILE = "$(SRCROOT)/ptice-na-dlanu/Resources/Info.plist";
				IPHONEOS_DEPLOYMENT_TARGET = 11.0;
				LD_RUNPATH_SEARCH_PATHS = (
					"$(inherited)",
					"@executable_path/Frameworks",
				);
				MARKETING_VERSION = 1.3;
				PRODUCT_BUNDLE_IDENTIFIER = com.birdlifeserbia.pticenadlanu;
				PRODUCT_NAME = "$(TARGET_NAME)";
				SWIFT_VERSION = 5.0;
				TARGETED_DEVICE_FAMILY = "1,2";
			};
			name = Debug;
		};
		D2E985C4225DDE7600C7994C /* Release */ = {
			isa = XCBuildConfiguration;
			baseConfigurationReference = F3B42A942C9B843C74EED144 /* Pods-ptice-na-dlanu.release.xcconfig */;
			buildSettings = {
				ASSETCATALOG_COMPILER_APPICON_NAME = AppIcon;
				CODE_SIGN_STYLE = Automatic;
				CURRENT_PROJECT_VERSION = 1;
				DEVELOPMENT_TEAM = NLHXMY5PBX;
				INFOPLIST_FILE = "$(SRCROOT)/ptice-na-dlanu/Resources/Info.plist";
				IPHONEOS_DEPLOYMENT_TARGET = 11.0;
				LD_RUNPATH_SEARCH_PATHS = (
					"$(inherited)",
					"@executable_path/Frameworks",
				);
				MARKETING_VERSION = 1.3;
				PRODUCT_BUNDLE_IDENTIFIER = com.birdlifeserbia.pticenadlanu;
				PRODUCT_NAME = "$(TARGET_NAME)";
				SWIFT_VERSION = 5.0;
				TARGETED_DEVICE_FAMILY = "1,2";
			};
			name = Release;
		};
/* End XCBuildConfiguration section */

/* Begin XCConfigurationList section */
		D2E985AB225DDE7400C7994C /* Build configuration list for PBXProject "ptice-na-dlanu" */ = {
			isa = XCConfigurationList;
			buildConfigurations = (
				D2E985C0225DDE7600C7994C /* Debug */,
				D2E985C1225DDE7600C7994C /* Release */,
			);
			defaultConfigurationIsVisible = 0;
			defaultConfigurationName = Release;
		};
		D2E985C2225DDE7600C7994C /* Build configuration list for PBXNativeTarget "ptice-na-dlanu" */ = {
			isa = XCConfigurationList;
			buildConfigurations = (
				D2E985C3225DDE7600C7994C /* Debug */,
				D2E985C4225DDE7600C7994C /* Release */,
			);
			defaultConfigurationIsVisible = 0;
			defaultConfigurationName = Release;
		};
/* End XCConfigurationList section */
	};
	rootObject = D2E985A8225DDE7400C7994C /* Project object */;
}
